
Microsoft Visual Studio Solution File, Format Version 12.00
# Visual Studio 2013
VisualStudioVersion = 12.0.40629.0
MinimumVisualStudioVersion = 10.0.40219.1
Project("{FAE04EC0-301F-11D3-BF4B-00C04F79EFBC}") = "GUI", "GUI\GUI.csproj", "{303D2A65-2364-4DC6-9E1C-B693123060F5}"
EndProject
Project("{FAE04EC0-301F-11D3-BF4B-00C04F79EFBC}") = "BLL", "BLL\BLL.csproj", "{B9E2EFBF-AE18-4ABA-B1C9-5498951F2738}"
EndProject
Project("{FAE04EC0-301F-11D3-BF4B-00C04F79EFBC}") = "DAL", "DAL\DAL.csproj", "{115470A8-FA2B-4B8F-845B-8AEC3A70F236}"
EndProject
Global
	GlobalSection(SolutionConfigurationPlatforms) = preSolution
		Debug|Any CPU = Debug|Any CPU
		Release|Any CPU = Release|Any CPU
	EndGlobalSection
	GlobalSection(ProjectConfigurationPlatforms) = postSolution
		{303D2A65-2364-4DC6-9E1C-B693123060F5}.Debug|Any CPU.ActiveCfg = Debug|Any CPU
		{303D2A65-2364-4DC6-9E1C-B693123060F5}.Debug|Any CPU.Build.0 = Debug|Any CPU
		{303D2A65-2364-4DC6-9E1C-B693123060F5}.Release|Any CPU.ActiveCfg = Release|Any CPU
		{303D2A65-2364-4DC6-9E1C-B693123060F5}.Release|Any CPU.Build.0 = Release|Any CPU
		{B9E2EFBF-AE18-4ABA-B1C9-5498951F2738}.Debug|Any CPU.ActiveCfg = Debug|Any CPU
		{B9E2EFBF-AE18-4ABA-B1C9-5498951F2738}.Debug|Any CPU.Build.0 = Debug|Any CPU
		{B9E2EFBF-AE18-4ABA-B1C9-5498951F2738}.Release|Any CPU.ActiveCfg = Release|Any CPU
		{B9E2EFBF-AE18-4ABA-B1C9-5498951F2738}.Release|Any CPU.Build.0 = Release|Any CPU
		{115470A8-FA2B-4B8F-845B-8AEC3A70F236}.Debug|Any CPU.ActiveCfg = Debug|Any CPU
		{115470A8-FA2B-4B8F-845B-8AEC3A70F236}.Debug|Any CPU.Build.0 = Debug|Any CPU
		{115470A8-FA2B-4B8F-845B-8AEC3A70F236}.Release|Any CPU.ActiveCfg = Release|Any CPU
		{115470A8-FA2B-4B8F-845B-8AEC3A70F236}.Release|Any CPU.Build.0 = Release|Any CPU
	EndGlobalSection
	GlobalSection(SolutionProperties) = preSolution
		HideSolutionNode = FALSE
	EndGlobalSection
EndGlobal
